
Microsoft Visual Studio Solution File, Format Version 12.00
# Visual Studio 2015
Project("{FAE04EC0-301F-11D3-BF4B-00C04F79EFBC}") = "Transparent.CSharp.Plugins", "Transparent.CSharp.Plugins.csproj", "{9AA89E0E-4D86-9EF8-1D68-F0A2668B0074}"
EndProject
Project("{FAE04EC0-301F-11D3-BF4B-00C04F79EFBC}") = "Transparent.CSharp", "Transparent.CSharp.csproj", "{F7918CF8-F27E-736C-08CB-319B4E505380}"
EndProject
Project("{FAE04EC0-301F-11D3-BF4B-00C04F79EFBC}") = "Transparent.CSharp.Editor", "Transparent.CSharp.Editor.csproj", "{A8EFBB47-F5FC-B289-BEF1-9DBF7EF98CAA}"
EndProject
Global
	GlobalSection(SolutionConfigurationPlatforms) = preSolution
		Debug|Any CPU = Debug|Any CPU
		Release|Any CPU = Release|Any CPU
	EndGlobalSection
	GlobalSection(ProjectConfigurationPlatforms) = postSolution
		{9AA89E0E-4D86-9EF8-1D68-F0A2668B0074}.Debug|Any CPU.ActiveCfg = Debug|Any CPU
		{9AA89E0E-4D86-9EF8-1D68-F0A2668B0074}.Debug|Any CPU.Build.0 = Debug|Any CPU
		{9AA89E0E-4D86-9EF8-1D68-F0A2668B0074}.Release|Any CPU.ActiveCfg = Release|Any CPU
		{9AA89E0E-4D86-9EF8-1D68-F0A2668B0074}.Release|Any CPU.Build.0 = Release|Any CPU
		{F7918CF8-F27E-736C-08CB-319B4E505380}.Debug|Any CPU.ActiveCfg = Debug|Any CPU
		{F7918CF8-F27E-736C-08CB-319B4E505380}.Debug|Any CPU.Build.0 = Debug|Any CPU
		{F7918CF8-F27E-736C-08CB-319B4E505380}.Release|Any CPU.ActiveCfg = Release|Any CPU
		{F7918CF8-F27E-736C-08CB-319B4E505380}.Release|Any CPU.Build.0 = Release|Any CPU
		{A8EFBB47-F5FC-B289-BEF1-9DBF7EF98CAA}.Debug|Any CPU.ActiveCfg = Debug|Any CPU
		{A8EFBB47-F5FC-B289-BEF1-9DBF7EF98CAA}.Debug|Any CPU.Build.0 = Debug|Any CPU
		{A8EFBB47-F5FC-B289-BEF1-9DBF7EF98CAA}.Release|Any CPU.ActiveCfg = Release|Any CPU
		{A8EFBB47-F5FC-B289-BEF1-9DBF7EF98CAA}.Release|Any CPU.Build.0 = Release|Any CPU
	EndGlobalSection
	GlobalSection(SolutionProperties) = preSolution
		HideSolutionNode = FALSE
	EndGlobalSection
EndGlobal
